<?xml version="1.0" encoding="utf-8"?>
<Project ToolsVersion="4.0" xmlns="http://schemas.microsoft.com/developer/msbuild/2003">
  <ItemGroup>
    <ClCompile Include="src\Main.cpp" />
  </ItemGroup>
  <ItemGroup>
    <ClInclude Include="src\EditorScene.h" />
    <ClInclude Include="src\TriangleScene.h" />
    <ClInclude Include="src\ForwardPassScene.h" />
    <ClInclude Include="src\RayTracingDemoScene.h" />
  </ItemGroup>
</Project>