<?xml version="1.0" encoding="utf-8"?>
<Project ToolsVersion="4.0" xmlns="http://schemas.microsoft.com/developer/msbuild/2003">
  <ItemGroup>
    <ClCompile Include="src\Main.cpp" />
    <ClCompile Include="src\editor\ShaderReloader.cpp" />
    <ClCompile Include="vendor\efsw\src\efsw\platform\win\FileSystemImpl.cpp" />
    <ClCompile Include="vendor\efsw\src\efsw\platform\win\MutexImpl.cpp" />
    <ClCompile Include="vendor\efsw\src\efsw\platform\win\SystemImpl.cpp" />
    <ClCompile Include="vendor\efsw\src\efsw\platform\win\ThreadImpl.cpp" />
    <ClCompile Include="vendor\efsw\src\efsw\Debug.cpp" />
    <ClCompile Include="vendor\efsw\src\efsw\DirectorySnapshot.cpp" />
    <ClCompile Include="vendor\efsw\src\efsw\DirectorySnapshotDiff.cpp" />
    <ClCompile Include="vendor\efsw\src\efsw\DirWatcherGeneric.cpp" />
    <ClCompile Include="vendor\efsw\src\efsw\FileInfo.cpp" />
    <ClCompile Include="vendor\efsw\src\efsw\FileSystem.cpp" />
    <ClCompile Include="vendor\efsw\src\efsw\FileWatcher.cpp" />
    <ClCompile Include="vendor\efsw\src\efsw\FileWatcherCWrapper.cpp" />
    <ClCompile Include="vendor\efsw\src\efsw\FileWatcherFSEvents.cpp" />
    <ClCompile Include="vendor\efsw\src\efsw\FileWatcherGeneric.cpp" />
    <ClCompile Include="vendor\efsw\src\efsw\FileWatcherImpl.cpp" />
    <ClCompile Include="vendor\efsw\src\efsw\FileWatcherInotify.cpp" />
    <ClCompile Include="vendor\efsw\src\efsw\FileWatcherKqueue.cpp" />
    <ClCompile Include="vendor\efsw\src\efsw\FileWatcherWin32.cpp" />
    <ClCompile Include="vendor\efsw\src\efsw\Log.cpp" />
    <ClCompile Include="vendor\efsw\src\efsw\Mutex.cpp" />
    <ClCompile Include="vendor\efsw\src\efsw\String.cpp" />
    <ClCompile Include="vendor\efsw\src\efsw\System.cpp" />
    <ClCompile Include="vendor\efsw\src\efsw\Thread.cpp" />
    <ClCompile Include="vendor\efsw\src\efsw\Watcher.cpp" />
    <ClCompile Include="vendor\efsw\src\efsw\WatcherFSEvents.cpp" />
    <ClCompile Include="vendor\efsw\src\efsw\WatcherGeneric.cpp" />
    <ClCompile Include="vendor\efsw\src\efsw\WatcherInotify.cpp" />
    <ClCompile Include="vendor\efsw\src\efsw\WatcherKqueue.cpp" />
    <ClCompile Include="vendor\efsw\src\efsw\WatcherWin32.cpp" />
    <ClCompile Include="src\editor\Editor.cpp" />
  </ItemGroup>
  <ItemGroup>
    <ClInclude Include="src\EditorScene.h" />
    <ClInclude Include="src\TriangleScene.h" />
    <ClInclude Include="src\ForwardPassScene.h" />
    <ClInclude Include="src\RayTracingDemoScene.h" />
    <ClInclude Include="src\VoxelisationScene.h" />
    <ClInclude Include="src\editor\ShaderReloader.h" />
    <ClInclude Include="vendor\efsw\src\efsw\platform\win\FileSystemImpl.hpp" />
    <ClInclude Include="vendor\efsw\src\efsw\platform\win\MutexImpl.hpp" />
    <ClInclude Include="vendor\efsw\src\efsw\platform\win\SystemImpl.hpp" />
    <ClInclude Include="vendor\efsw\src\efsw\platform\win\ThreadImpl.hpp" />
    <ClInclude Include="vendor\efsw\src\efsw\platform\platformimpl.hpp" />
    <ClInclude Include="vendor\efsw\src\efsw\Atomic.hpp" />
    <ClInclude Include="vendor\efsw\src\efsw\base.hpp" />
    <ClInclude Include="vendor\efsw\src\efsw\Debug.hpp" />
    <ClInclude Include="vendor\efsw\src\efsw\DirectorySnapshot.hpp" />
    <ClInclude Include="vendor\efsw\src\efsw\DirectorySnapshotDiff.hpp" />
    <ClInclude Include="vendor\efsw\src\efsw\DirWatcherGeneric.hpp" />
    <ClInclude Include="vendor\efsw\src\efsw\FileInfo.hpp" />
    <ClInclude Include="vendor\efsw\src\efsw\FileSystem.hpp" />
    <ClInclude Include="vendor\efsw\src\efsw\FileWatcherFSEvents.hpp" />
    <ClInclude Include="vendor\efsw\src\efsw\FileWatcherGeneric.hpp" />
    <ClInclude Include="vendor\efsw\src\efsw\FileWatcherImpl.hpp" />
    <ClInclude Include="vendor\efsw\src\efsw\FileWatcherInotify.hpp" />
    <ClInclude Include="vendor\efsw\src\efsw\FileWatcherKqueue.hpp" />
    <ClInclude Include="vendor\efsw\src\efsw\FileWatcherWin32.hpp" />
    <ClInclude Include="vendor\efsw\src\efsw\inotify-nosys.h" />
    <ClInclude Include="vendor\efsw\src\efsw\Lock.hpp" />
    <ClInclude Include="vendor\efsw\src\efsw\Mutex.hpp" />
    <ClInclude Include="vendor\efsw\src\efsw\sophist.h" />
    <ClInclude Include="vendor\efsw\src\efsw\String.hpp" />
    <ClInclude Include="vendor\efsw\src\efsw\System.hpp" />
    <ClInclude Include="vendor\efsw\src\efsw\Thread.hpp" />
    <ClInclude Include="vendor\efsw\src\efsw\Utf.hpp" />
    <ClInclude Include="vendor\efsw\src\efsw\Watcher.hpp" />
    <ClInclude Include="vendor\efsw\src\efsw\WatcherFSEvents.hpp" />
    <ClInclude Include="vendor\efsw\src\efsw\WatcherGeneric.hpp" />
    <ClInclude Include="vendor\efsw\src\efsw\WatcherInotify.hpp" />
    <ClInclude Include="vendor\efsw\src\efsw\WatcherKqueue.hpp" />
    <ClInclude Include="vendor\efsw\src\efsw\WatcherWin32.hpp" />
    <ClInclude Include="vendor\efsw\include\efsw\efsw.h" />
    <ClInclude Include="vendor\efsw\include\efsw\efsw.hpp" />
    <ClInclude Include="src\CubemapBuilderScene.h" />
    <ClInclude Include="src\MaterialScene.h" />
    <ClInclude Include="src\editorPasses\PickerPass.h" />
    <ClInclude Include="src\editor\EditorActor.h" />
    <ClInclude Include="src\editor\bridges\pf_StaticMesh.h" />
    <ClInclude Include="src\editor\Editor.h" />
  </ItemGroup>
  <ItemGroup>
    <None Include="vendor\efsw\src\efsw\Utf.inl" />
  </ItemGroup>
</Project>